
Microsoft Visual Studio Solution File, Format Version 12.00
# Visual Studio 15
VisualStudioVersion = 15.0.27703.2047
MinimumVisualStudioVersion = 10.0.40219.1
Project("{FAE04EC0-301F-11D3-BF4B-00C04F79EFBC}") = "XamarinClient.Android", "XamarinClient\XamarinClient.Android\XamarinClient.Android.csproj", "{E93AFE72-8975-4218-B546-884776F86B4D}"
EndProject
Project("{FAE04EC0-301F-11D3-BF4B-00C04F79EFBC}") = "XamarinClient", "XamarinClient\XamarinClient\XamarinClient.csproj", "{D61FD23F-7E22-4A8E-8F14-F09897CB02EC}"
EndProject
Global
	GlobalSection(SolutionConfigurationPlatforms) = preSolution
		Debug|Any CPU = Debug|Any CPU
		Release|Any CPU = Release|Any CPU
	EndGlobalSection
	GlobalSection(ProjectConfigurationPlatforms) = postSolution
		{E93AFE72-8975-4218-B546-884776F86B4D}.Debug|Any CPU.ActiveCfg = Debug|Any CPU
		{E93AFE72-8975-4218-B546-884776F86B4D}.Debug|Any CPU.Build.0 = Debug|Any CPU
		{E93AFE72-8975-4218-B546-884776F86B4D}.Debug|Any CPU.Deploy.0 = Debug|Any CPU
		{E93AFE72-8975-4218-B546-884776F86B4D}.Release|Any CPU.ActiveCfg = Release|Any CPU
		{E93AFE72-8975-4218-B546-884776F86B4D}.Release|Any CPU.Build.0 = Release|Any CPU
		{E93AFE72-8975-4218-B546-884776F86B4D}.Release|Any CPU.Deploy.0 = Release|Any CPU
		{D61FD23F-7E22-4A8E-8F14-F09897CB02EC}.Debug|Any CPU.ActiveCfg = Debug|Any CPU
		{D61FD23F-7E22-4A8E-8F14-F09897CB02EC}.Debug|Any CPU.Build.0 = Debug|Any CPU
		{D61FD23F-7E22-4A8E-8F14-F09897CB02EC}.Debug|Any CPU.Deploy.0 = Debug|Any CPU
		{D61FD23F-7E22-4A8E-8F14-F09897CB02EC}.Release|Any CPU.ActiveCfg = Release|Any CPU
		{D61FD23F-7E22-4A8E-8F14-F09897CB02EC}.Release|Any CPU.Build.0 = Release|Any CPU
		{D61FD23F-7E22-4A8E-8F14-F09897CB02EC}.Release|Any CPU.Deploy.0 = Release|Any CPU
	EndGlobalSection
	GlobalSection(SolutionProperties) = preSolution
		HideSolutionNode = FALSE
	EndGlobalSection
	GlobalSection(ExtensibilityGlobals) = postSolution
		SolutionGuid = {749A792A-DBE3-4228-A9AF-E426C5E93237}
	EndGlobalSection
EndGlobal
