
Microsoft Visual Studio Solution File, Format Version 12.00
# Visual Studio 15
VisualStudioVersion = 15.0.28010.2041
MinimumVisualStudioVersion = 10.0.40219.1
Project("{9A19103F-16F7-4668-BE54-9A1E7A4F7556}") = "Server", "Server\Server.csproj", "{E41D3C7F-73B4-47A3-B6F5-30A7932FFEB1}"
EndProject
Project("{9A19103F-16F7-4668-BE54-9A1E7A4F7556}") = "Server.Business", "Server.Business\Server.Business.csproj", "{ECFEBA09-30C7-4743-AD67-1BFD13528897}"
EndProject
Project("{FAE04EC0-301F-11D3-BF4B-00C04F79EFBC}") = "Server.Tests", "Server.Tests\Server.Tests.csproj", "{1502A085-D6D1-4186-89CF-DD338F888418}"
EndProject
Global
	GlobalSection(SolutionConfigurationPlatforms) = preSolution
		Debug|Any CPU = Debug|Any CPU
		Release|Any CPU = Release|Any CPU
	EndGlobalSection
	GlobalSection(ProjectConfigurationPlatforms) = postSolution
		{E41D3C7F-73B4-47A3-B6F5-30A7932FFEB1}.Debug|Any CPU.ActiveCfg = Debug|Any CPU
		{E41D3C7F-73B4-47A3-B6F5-30A7932FFEB1}.Debug|Any CPU.Build.0 = Debug|Any CPU
		{E41D3C7F-73B4-47A3-B6F5-30A7932FFEB1}.Release|Any CPU.ActiveCfg = Release|Any CPU
		{E41D3C7F-73B4-47A3-B6F5-30A7932FFEB1}.Release|Any CPU.Build.0 = Release|Any CPU
		{ECFEBA09-30C7-4743-AD67-1BFD13528897}.Debug|Any CPU.ActiveCfg = Debug|Any CPU
		{ECFEBA09-30C7-4743-AD67-1BFD13528897}.Debug|Any CPU.Build.0 = Debug|Any CPU
		{ECFEBA09-30C7-4743-AD67-1BFD13528897}.Release|Any CPU.ActiveCfg = Release|Any CPU
		{ECFEBA09-30C7-4743-AD67-1BFD13528897}.Release|Any CPU.Build.0 = Release|Any CPU
		{1502A085-D6D1-4186-89CF-DD338F888418}.Debug|Any CPU.ActiveCfg = Debug|Any CPU
		{1502A085-D6D1-4186-89CF-DD338F888418}.Debug|Any CPU.Build.0 = Debug|Any CPU
		{1502A085-D6D1-4186-89CF-DD338F888418}.Release|Any CPU.ActiveCfg = Release|Any CPU
		{1502A085-D6D1-4186-89CF-DD338F888418}.Release|Any CPU.Build.0 = Release|Any CPU
	EndGlobalSection
	GlobalSection(SolutionProperties) = preSolution
		HideSolutionNode = FALSE
	EndGlobalSection
	GlobalSection(ExtensibilityGlobals) = postSolution
		SolutionGuid = {F6BE4567-E5BD-426F-82A0-8CDB8528D940}
	EndGlobalSection
EndGlobal
